
Microsoft Visual Studio Solution File, Format Version 12.00
# Visual Studio Version 17
VisualStudioVersion = 17.6.33723.286
MinimumVisualStudioVersion = 10.0.40219.1
Project("{FAE04EC0-301F-11D3-BF4B-00C04F79EFBC}") = "RPG2", "RPG2.csproj", "{B4B37A36-11E7-4907-A639-93FC7DEBF57A}"
EndProject
Global
	GlobalSection(SolutionConfigurationPlatforms) = preSolution
		Debug|Any CPU = Debug|Any CPU
		Release|Any CPU = Release|Any CPU
	EndGlobalSection
	GlobalSection(ProjectConfigurationPlatforms) = postSolution
		{B4B37A36-11E7-4907-A639-93FC7DEBF57A}.Debug|Any CPU.ActiveCfg = Debug|Any CPU
		{B4B37A36-11E7-4907-A639-93FC7DEBF57A}.Debug|Any CPU.Build.0 = Debug|Any CPU
		{B4B37A36-11E7-4907-A639-93FC7DEBF57A}.Release|Any CPU.ActiveCfg = Release|Any CPU
		{B4B37A36-11E7-4907-A639-93FC7DEBF57A}.Release|Any CPU.Build.0 = Release|Any CPU
	EndGlobalSection
	GlobalSection(SolutionProperties) = preSolution
		HideSolutionNode = FALSE
	EndGlobalSection
	GlobalSection(ExtensibilityGlobals) = postSolution
		SolutionGuid = {BE2E6CF9-F4D1-4E2E-B3B8-ABE2B319E7CA}
	EndGlobalSection
EndGlobal
